
Microsoft Visual Studio Solution File, Format Version 12.00
# Visual Studio Version 16
VisualStudioVersion = 16.0.31410.357
MinimumVisualStudioVersion = 10.0.40219.1
Project("{2150E333-8FDC-42A3-9474-1A3956D46DE8}") = "Core", "Core", "{66D3A37E-B785-425E-A467-511BF5293C99}"
EndProject
Project("{2150E333-8FDC-42A3-9474-1A3956D46DE8}") = "WPF", "WPF", "{C8990AF8-7A84-4C65-85CD-3FCCBBD7E140}"
EndProject
Project("{9A19103F-16F7-4668-BE54-9A1E7A4F7556}") = "Explorer.WPF.UI", "WPF\Explorer.WPF.UI\Explorer.WPF.UI.csproj", "{204ABC3C-45C0-4671-8A01-BBF756CBAA73}"
EndProject
Project("{2150E333-8FDC-42A3-9474-1A3956D46DE8}") = "Controls", "Controls", "{1EAB7712-A47F-45D8-98B7-DB21E4DF67FF}"
EndProject
Project("{9A19103F-16F7-4668-BE54-9A1E7A4F7556}") = "EXWindow", "WPF\Controls\EXWindow\EXWindow.csproj", "{C7E5613A-79E9-4DF8-B087-12FBBF93CE7D}"
EndProject
Project("{9A19103F-16F7-4668-BE54-9A1E7A4F7556}") = "ExplorER", "Explorer.Application\ExplorER.csproj", "{524DF4FA-9EC1-41D9-93EC-978E756E1985}"
EndProject
Global
	GlobalSection(SolutionConfigurationPlatforms) = preSolution
		Debug|Any CPU = Debug|Any CPU
		Release|Any CPU = Release|Any CPU
	EndGlobalSection
	GlobalSection(ProjectConfigurationPlatforms) = postSolution
		{204ABC3C-45C0-4671-8A01-BBF756CBAA73}.Debug|Any CPU.ActiveCfg = Debug|Any CPU
		{204ABC3C-45C0-4671-8A01-BBF756CBAA73}.Debug|Any CPU.Build.0 = Debug|Any CPU
		{204ABC3C-45C0-4671-8A01-BBF756CBAA73}.Release|Any CPU.ActiveCfg = Release|Any CPU
		{204ABC3C-45C0-4671-8A01-BBF756CBAA73}.Release|Any CPU.Build.0 = Release|Any CPU
		{C7E5613A-79E9-4DF8-B087-12FBBF93CE7D}.Debug|Any CPU.ActiveCfg = Debug|Any CPU
		{C7E5613A-79E9-4DF8-B087-12FBBF93CE7D}.Debug|Any CPU.Build.0 = Debug|Any CPU
		{C7E5613A-79E9-4DF8-B087-12FBBF93CE7D}.Release|Any CPU.ActiveCfg = Release|Any CPU
		{C7E5613A-79E9-4DF8-B087-12FBBF93CE7D}.Release|Any CPU.Build.0 = Release|Any CPU
		{524DF4FA-9EC1-41D9-93EC-978E756E1985}.Debug|Any CPU.ActiveCfg = Debug|Any CPU
		{524DF4FA-9EC1-41D9-93EC-978E756E1985}.Debug|Any CPU.Build.0 = Debug|Any CPU
		{524DF4FA-9EC1-41D9-93EC-978E756E1985}.Release|Any CPU.ActiveCfg = Release|Any CPU
		{524DF4FA-9EC1-41D9-93EC-978E756E1985}.Release|Any CPU.Build.0 = Release|Any CPU
	EndGlobalSection
	GlobalSection(SolutionProperties) = preSolution
		HideSolutionNode = FALSE
	EndGlobalSection
	GlobalSection(NestedProjects) = preSolution
		{204ABC3C-45C0-4671-8A01-BBF756CBAA73} = {C8990AF8-7A84-4C65-85CD-3FCCBBD7E140}
		{1EAB7712-A47F-45D8-98B7-DB21E4DF67FF} = {C8990AF8-7A84-4C65-85CD-3FCCBBD7E140}
		{C7E5613A-79E9-4DF8-B087-12FBBF93CE7D} = {1EAB7712-A47F-45D8-98B7-DB21E4DF67FF}
		{524DF4FA-9EC1-41D9-93EC-978E756E1985} = {66D3A37E-B785-425E-A467-511BF5293C99}
	EndGlobalSection
	GlobalSection(ExtensibilityGlobals) = postSolution
		SolutionGuid = {0E270C57-E6DD-432B-A012-B334F7592CC2}
	EndGlobalSection
EndGlobal
